
Microsoft Visual Studio Solution File, Format Version 12.00
# Visual Studio Version 17
VisualStudioVersion = 17.3.32611.2
MinimumVisualStudioVersion = 10.0.40219.1
Project("{9A19103F-16F7-4668-BE54-9A1E7A4F7556}") = "JTran", "JTran\JTran.csproj", "{73213D69-DFC8-4B39-9D09-F8AF9FE8C025}"
EndProject
Project("{2150E333-8FDC-42A3-9474-1A3956D46DE8}") = "Tests", "Tests", "{F3B12120-EDF8-4DFE-A9B2-81D7AA3F2329}"
EndProject
Project("{9A19103F-16F7-4668-BE54-9A1E7A4F7556}") = "JTran.UnitTests", "Tests\JTran.UnitTests\JTran.UnitTests.csproj", "{AAD38C3A-C69C-46E9-87D2-CEB2C622A854}"
EndProject
Project("{2150E333-8FDC-42A3-9474-1A3956D46DE8}") = "Solution Items", "Solution Items", "{80330D33-A39E-4719-85D2-E8CE358224E4}"
	ProjectSection(SolutionItems) = preProject
		.editorconfig = .editorconfig
		LICENSE = LICENSE
		README.md = README.md
	EndProjectSection
EndProject
Project("{2150E333-8FDC-42A3-9474-1A3956D46DE8}") = "docs", "docs", "{561FB096-076B-4B4C-ACF4-B7789CCC5636}"
	ProjectSection(SolutionItems) = preProject
		docs\extensions.md = docs\extensions.md
		docs\functions.md = docs\functions.md
		docs\reference.md = docs\reference.md
	EndProjectSection
EndProject
Project("{9A19103F-16F7-4668-BE54-9A1E7A4F7556}") = "JTran.TestExtension", "Tests\JTran.TestExtension\JTran.TestExtension.csproj", "{7206CD96-FFF5-417D-B982-CAA8B54C0518}"
EndProject
Project("{9A19103F-16F7-4668-BE54-9A1E7A4F7556}") = "JTran.Console.UnitTests", "Tests\JTran.Console.UnitTests\JTran.Console.UnitTests.csproj", "{68327262-16D0-4D6B-A79A-C9F5EC8FB6EC}"
EndProject
Project("{9A19103F-16F7-4668-BE54-9A1E7A4F7556}") = "JTran.Project", "JTran.Project\JTran.Project.csproj", "{64795DDF-5961-4B2E-B475-BD083982B067}"
EndProject
Project("{9A19103F-16F7-4668-BE54-9A1E7A4F7556}") = "JTran.Project.UnitTests", "Tests\JTran.Project.UnitTests\JTran.Project.UnitTests.csproj", "{20D1B2B4-A6DD-4F63-BA95-58E1F305F61E}"
EndProject
Project("{9A19103F-16F7-4668-BE54-9A1E7A4F7556}") = "JTran.Console", "JTran.Console\JTran.Console.csproj", "{E1A4D573-72DD-410F-A324-E7F08C731004}"
EndProject
Project("{9A19103F-16F7-4668-BE54-9A1E7A4F7556}") = "JTran.PerformanceTests", "Tests\JTran.PerformanceTests\JTran.PerformanceTests.csproj", "{FCD93688-2288-4951-B271-6BE475E518E4}"
EndProject
Project("{9A19103F-16F7-4668-BE54-9A1E7A4F7556}") = "JTran.Parser.UnitTests", "Tests\JTran.Parser.UnitTests\JTran.Parser.UnitTests.csproj", "{5CDF702B-BE08-477D-A2F6-15110D2C26E5}"
EndProject
Project("{9A19103F-16F7-4668-BE54-9A1E7A4F7556}") = "JTran.Transform.UnitTests", "Tests\JTran.Transform.UnitTests\JTran.Transform.UnitTests.csproj", "{3363902B-2E4A-4377-81DA-2F62D0DEA851}"
EndProject
Project("{2150E333-8FDC-42A3-9474-1A3956D46DE8}") = "Rota", "Rota", "{BD20283D-F96D-48CC-AD10-42595CF3A028}"
	ProjectSection(SolutionItems) = preProject
		Rota\readme.md = Rota\readme.md
	EndProjectSection
EndProject
Project("{9A19103F-16F7-4668-BE54-9A1E7A4F7556}") = "Rota.Transform.Test", "Rota\Rota.Transform.Test\Rota.Transform.Test.csproj", "{CFA44AFB-429D-4152-B40D-D17776D0B9E2}"
EndProject
Project("{9A19103F-16F7-4668-BE54-9A1E7A4F7556}") = "Transforms", "Rota\Transforms\Transforms.csproj", "{99E43A73-B7D1-4F93-A100-3FEAD37B84B2}"
EndProject
Project("{9A19103F-16F7-4668-BE54-9A1E7A4F7556}") = "JTran.Random", "JTran.Random\JTran.Random.csproj", "{0C37A5EE-C27E-4681-9C4E-6402C5F00B5E}"
EndProject
Project("{9A19103F-16F7-4668-BE54-9A1E7A4F7556}") = "JTran.MongoDBTests", "Tests\JTran.MongoDBTests\JTran.MongoDBTests.csproj", "{0540C074-DD5E-4ED6-B492-B1706B5746DE}"
EndProject
Project("{9A19103F-16F7-4668-BE54-9A1E7A4F7556}") = "JTran.PerformanceConsole", "Tests\JTran.PerformanceConsole\JTran.PerformanceConsole.csproj", "{A33B3A02-F522-4253-A171-45F07F5A0A36}"
EndProject
Project("{9A19103F-16F7-4668-BE54-9A1E7A4F7556}") = "JTran.Common", "JTran.Common\JTran.Common.csproj", "{A734F332-EAAD-4343-ADC7-2D6BF3318506}"
EndProject
Project("{2150E333-8FDC-42A3-9474-1A3956D46DE8}") = "Release Notes", "Release Notes", "{76005B8D-A3F0-4EE0-A957-D64DBAB04767}"
	ProjectSection(SolutionItems) = preProject
		docs\Release Notes\v4_0_0.md = docs\Release Notes\v4_0_0.md
		docs\Release Notes\v4_1_0.md = docs\Release Notes\v4_1_0.md
		docs\Release Notes\v4_1_1.md = docs\Release Notes\v4_1_1.md
		docs\Release Notes\v4_5_0.md = docs\Release Notes\v4_5_0.md
	EndProjectSection
EndProject
Project("{9A19103F-16F7-4668-BE54-9A1E7A4F7556}") = "Test.Apis", "Tests\Test.Apis\Test.Apis.csproj", "{EBEDEB1D-9A3E-4426-8845-DAE251F61069}"
EndProject
Project("{9A19103F-16F7-4668-BE54-9A1E7A4F7556}") = "TestArgumentsProvider", "Tests\TestArgumentsProvider\TestArgumentsProvider.csproj", "{CA857439-9554-4644-8787-4F960EE2FED7}"
EndProject
Global
	GlobalSection(SolutionConfigurationPlatforms) = preSolution
		Debug|Any CPU = Debug|Any CPU
		Release|Any CPU = Release|Any CPU
	EndGlobalSection
	GlobalSection(ProjectConfigurationPlatforms) = postSolution
		{73213D69-DFC8-4B39-9D09-F8AF9FE8C025}.Debug|Any CPU.ActiveCfg = Debug|Any CPU
		{73213D69-DFC8-4B39-9D09-F8AF9FE8C025}.Debug|Any CPU.Build.0 = Debug|Any CPU
		{73213D69-DFC8-4B39-9D09-F8AF9FE8C025}.Release|Any CPU.ActiveCfg = Release|Any CPU
		{73213D69-DFC8-4B39-9D09-F8AF9FE8C025}.Release|Any CPU.Build.0 = Release|Any CPU
		{AAD38C3A-C69C-46E9-87D2-CEB2C622A854}.Debug|Any CPU.ActiveCfg = Debug|Any CPU
		{AAD38C3A-C69C-46E9-87D2-CEB2C622A854}.Debug|Any CPU.Build.0 = Debug|Any CPU
		{AAD38C3A-C69C-46E9-87D2-CEB2C622A854}.Release|Any CPU.ActiveCfg = Release|Any CPU
		{AAD38C3A-C69C-46E9-87D2-CEB2C622A854}.Release|Any CPU.Build.0 = Release|Any CPU
		{7206CD96-FFF5-417D-B982-CAA8B54C0518}.Debug|Any CPU.ActiveCfg = Debug|Any CPU
		{7206CD96-FFF5-417D-B982-CAA8B54C0518}.Debug|Any CPU.Build.0 = Debug|Any CPU
		{7206CD96-FFF5-417D-B982-CAA8B54C0518}.Release|Any CPU.ActiveCfg = Release|Any CPU
		{7206CD96-FFF5-417D-B982-CAA8B54C0518}.Release|Any CPU.Build.0 = Release|Any CPU
		{68327262-16D0-4D6B-A79A-C9F5EC8FB6EC}.Debug|Any CPU.ActiveCfg = Debug|Any CPU
		{68327262-16D0-4D6B-A79A-C9F5EC8FB6EC}.Debug|Any CPU.Build.0 = Debug|Any CPU
		{68327262-16D0-4D6B-A79A-C9F5EC8FB6EC}.Release|Any CPU.ActiveCfg = Release|Any CPU
		{68327262-16D0-4D6B-A79A-C9F5EC8FB6EC}.Release|Any CPU.Build.0 = Release|Any CPU
		{64795DDF-5961-4B2E-B475-BD083982B067}.Debug|Any CPU.ActiveCfg = Debug|Any CPU
		{64795DDF-5961-4B2E-B475-BD083982B067}.Debug|Any CPU.Build.0 = Debug|Any CPU
		{64795DDF-5961-4B2E-B475-BD083982B067}.Release|Any CPU.ActiveCfg = Release|Any CPU
		{64795DDF-5961-4B2E-B475-BD083982B067}.Release|Any CPU.Build.0 = Release|Any CPU
		{20D1B2B4-A6DD-4F63-BA95-58E1F305F61E}.Debug|Any CPU.ActiveCfg = Debug|Any CPU
		{20D1B2B4-A6DD-4F63-BA95-58E1F305F61E}.Debug|Any CPU.Build.0 = Debug|Any CPU
		{20D1B2B4-A6DD-4F63-BA95-58E1F305F61E}.Release|Any CPU.ActiveCfg = Release|Any CPU
		{20D1B2B4-A6DD-4F63-BA95-58E1F305F61E}.Release|Any CPU.Build.0 = Release|Any CPU
		{E1A4D573-72DD-410F-A324-E7F08C731004}.Debug|Any CPU.ActiveCfg = Debug|Any CPU
		{E1A4D573-72DD-410F-A324-E7F08C731004}.Debug|Any CPU.Build.0 = Debug|Any CPU
		{E1A4D573-72DD-410F-A324-E7F08C731004}.Release|Any CPU.ActiveCfg = Release|Any CPU
		{E1A4D573-72DD-410F-A324-E7F08C731004}.Release|Any CPU.Build.0 = Release|Any CPU
		{FCD93688-2288-4951-B271-6BE475E518E4}.Debug|Any CPU.ActiveCfg = Debug|Any CPU
		{FCD93688-2288-4951-B271-6BE475E518E4}.Debug|Any CPU.Build.0 = Debug|Any CPU
		{FCD93688-2288-4951-B271-6BE475E518E4}.Release|Any CPU.ActiveCfg = Release|Any CPU
		{FCD93688-2288-4951-B271-6BE475E518E4}.Release|Any CPU.Build.0 = Release|Any CPU
		{5CDF702B-BE08-477D-A2F6-15110D2C26E5}.Debug|Any CPU.ActiveCfg = Debug|Any CPU
		{5CDF702B-BE08-477D-A2F6-15110D2C26E5}.Debug|Any CPU.Build.0 = Debug|Any CPU
		{5CDF702B-BE08-477D-A2F6-15110D2C26E5}.Release|Any CPU.ActiveCfg = Release|Any CPU
		{5CDF702B-BE08-477D-A2F6-15110D2C26E5}.Release|Any CPU.Build.0 = Release|Any CPU
		{3363902B-2E4A-4377-81DA-2F62D0DEA851}.Debug|Any CPU.ActiveCfg = Debug|Any CPU
		{3363902B-2E4A-4377-81DA-2F62D0DEA851}.Debug|Any CPU.Build.0 = Debug|Any CPU
		{3363902B-2E4A-4377-81DA-2F62D0DEA851}.Release|Any CPU.ActiveCfg = Release|Any CPU
		{3363902B-2E4A-4377-81DA-2F62D0DEA851}.Release|Any CPU.Build.0 = Release|Any CPU
		{CFA44AFB-429D-4152-B40D-D17776D0B9E2}.Debug|Any CPU.ActiveCfg = Debug|Any CPU
		{CFA44AFB-429D-4152-B40D-D17776D0B9E2}.Debug|Any CPU.Build.0 = Debug|Any CPU
		{CFA44AFB-429D-4152-B40D-D17776D0B9E2}.Release|Any CPU.ActiveCfg = Release|Any CPU
		{CFA44AFB-429D-4152-B40D-D17776D0B9E2}.Release|Any CPU.Build.0 = Release|Any CPU
		{99E43A73-B7D1-4F93-A100-3FEAD37B84B2}.Debug|Any CPU.ActiveCfg = Debug|Any CPU
		{99E43A73-B7D1-4F93-A100-3FEAD37B84B2}.Debug|Any CPU.Build.0 = Debug|Any CPU
		{99E43A73-B7D1-4F93-A100-3FEAD37B84B2}.Release|Any CPU.ActiveCfg = Release|Any CPU
		{99E43A73-B7D1-4F93-A100-3FEAD37B84B2}.Release|Any CPU.Build.0 = Release|Any CPU
		{0C37A5EE-C27E-4681-9C4E-6402C5F00B5E}.Debug|Any CPU.ActiveCfg = Debug|Any CPU
		{0C37A5EE-C27E-4681-9C4E-6402C5F00B5E}.Debug|Any CPU.Build.0 = Debug|Any CPU
		{0C37A5EE-C27E-4681-9C4E-6402C5F00B5E}.Release|Any CPU.ActiveCfg = Release|Any CPU
		{0C37A5EE-C27E-4681-9C4E-6402C5F00B5E}.Release|Any CPU.Build.0 = Release|Any CPU
		{0540C074-DD5E-4ED6-B492-B1706B5746DE}.Debug|Any CPU.ActiveCfg = Debug|Any CPU
		{0540C074-DD5E-4ED6-B492-B1706B5746DE}.Debug|Any CPU.Build.0 = Debug|Any CPU
		{0540C074-DD5E-4ED6-B492-B1706B5746DE}.Release|Any CPU.ActiveCfg = Release|Any CPU
		{0540C074-DD5E-4ED6-B492-B1706B5746DE}.Release|Any CPU.Build.0 = Release|Any CPU
		{A33B3A02-F522-4253-A171-45F07F5A0A36}.Debug|Any CPU.ActiveCfg = Debug|Any CPU
		{A33B3A02-F522-4253-A171-45F07F5A0A36}.Debug|Any CPU.Build.0 = Debug|Any CPU
		{A33B3A02-F522-4253-A171-45F07F5A0A36}.Release|Any CPU.ActiveCfg = Release|Any CPU
		{A33B3A02-F522-4253-A171-45F07F5A0A36}.Release|Any CPU.Build.0 = Release|Any CPU
		{A734F332-EAAD-4343-ADC7-2D6BF3318506}.Debug|Any CPU.ActiveCfg = Debug|Any CPU
		{A734F332-EAAD-4343-ADC7-2D6BF3318506}.Debug|Any CPU.Build.0 = Debug|Any CPU
		{A734F332-EAAD-4343-ADC7-2D6BF3318506}.Release|Any CPU.ActiveCfg = Release|Any CPU
		{A734F332-EAAD-4343-ADC7-2D6BF3318506}.Release|Any CPU.Build.0 = Release|Any CPU
		{EBEDEB1D-9A3E-4426-8845-DAE251F61069}.Debug|Any CPU.ActiveCfg = Debug|Any CPU
		{EBEDEB1D-9A3E-4426-8845-DAE251F61069}.Debug|Any CPU.Build.0 = Debug|Any CPU
		{EBEDEB1D-9A3E-4426-8845-DAE251F61069}.Release|Any CPU.ActiveCfg = Release|Any CPU
		{EBEDEB1D-9A3E-4426-8845-DAE251F61069}.Release|Any CPU.Build.0 = Release|Any CPU
		{CA857439-9554-4644-8787-4F960EE2FED7}.Debug|Any CPU.ActiveCfg = Debug|Any CPU
		{CA857439-9554-4644-8787-4F960EE2FED7}.Debug|Any CPU.Build.0 = Debug|Any CPU
		{CA857439-9554-4644-8787-4F960EE2FED7}.Release|Any CPU.ActiveCfg = Release|Any CPU
		{CA857439-9554-4644-8787-4F960EE2FED7}.Release|Any CPU.Build.0 = Release|Any CPU
	EndGlobalSection
	GlobalSection(SolutionProperties) = preSolution
		HideSolutionNode = FALSE
	EndGlobalSection
	GlobalSection(NestedProjects) = preSolution
		{AAD38C3A-C69C-46E9-87D2-CEB2C622A854} = {F3B12120-EDF8-4DFE-A9B2-81D7AA3F2329}
		{7206CD96-FFF5-417D-B982-CAA8B54C0518} = {F3B12120-EDF8-4DFE-A9B2-81D7AA3F2329}
		{68327262-16D0-4D6B-A79A-C9F5EC8FB6EC} = {F3B12120-EDF8-4DFE-A9B2-81D7AA3F2329}
		{20D1B2B4-A6DD-4F63-BA95-58E1F305F61E} = {F3B12120-EDF8-4DFE-A9B2-81D7AA3F2329}
		{FCD93688-2288-4951-B271-6BE475E518E4} = {F3B12120-EDF8-4DFE-A9B2-81D7AA3F2329}
		{5CDF702B-BE08-477D-A2F6-15110D2C26E5} = {F3B12120-EDF8-4DFE-A9B2-81D7AA3F2329}
		{3363902B-2E4A-4377-81DA-2F62D0DEA851} = {F3B12120-EDF8-4DFE-A9B2-81D7AA3F2329}
		{CFA44AFB-429D-4152-B40D-D17776D0B9E2} = {BD20283D-F96D-48CC-AD10-42595CF3A028}
		{99E43A73-B7D1-4F93-A100-3FEAD37B84B2} = {BD20283D-F96D-48CC-AD10-42595CF3A028}
		{0540C074-DD5E-4ED6-B492-B1706B5746DE} = {F3B12120-EDF8-4DFE-A9B2-81D7AA3F2329}
		{A33B3A02-F522-4253-A171-45F07F5A0A36} = {F3B12120-EDF8-4DFE-A9B2-81D7AA3F2329}
		{76005B8D-A3F0-4EE0-A957-D64DBAB04767} = {561FB096-076B-4B4C-ACF4-B7789CCC5636}
		{EBEDEB1D-9A3E-4426-8845-DAE251F61069} = {F3B12120-EDF8-4DFE-A9B2-81D7AA3F2329}
		{CA857439-9554-4644-8787-4F960EE2FED7} = {F3B12120-EDF8-4DFE-A9B2-81D7AA3F2329}
	EndGlobalSection
	GlobalSection(ExtensibilityGlobals) = postSolution
		SolutionGuid = {95B81A49-7C69-455E-9627-6FF789B1A697}
	EndGlobalSection
EndGlobal
